
Microsoft Visual Studio Solution File, Format Version 12.00
# Visual Studio Version 16
VisualStudioVersion = 16.0.32428.217
MinimumVisualStudioVersion = 10.0.40219.1
Project("{FAE04EC0-301F-11D3-BF4B-00C04F79EFBC}") = "DOAN_WEB_1", "DOAN_WEB_1\DOAN_WEB_1.csproj", "{B38A08D7-524A-4ECA-8022-F1D9EFCD39DA}"
EndProject
Global
	GlobalSection(SolutionConfigurationPlatforms) = preSolution
		Debug|Any CPU = Debug|Any CPU
		Release|Any CPU = Release|Any CPU
	EndGlobalSection
	GlobalSection(ProjectConfigurationPlatforms) = postSolution
		{B38A08D7-524A-4ECA-8022-F1D9EFCD39DA}.Debug|Any CPU.ActiveCfg = Debug|Any CPU
		{B38A08D7-524A-4ECA-8022-F1D9EFCD39DA}.Debug|Any CPU.Build.0 = Debug|Any CPU
		{B38A08D7-524A-4ECA-8022-F1D9EFCD39DA}.Release|Any CPU.ActiveCfg = Release|Any CPU
		{B38A08D7-524A-4ECA-8022-F1D9EFCD39DA}.Release|Any CPU.Build.0 = Release|Any CPU
	EndGlobalSection
	GlobalSection(SolutionProperties) = preSolution
		HideSolutionNode = FALSE
	EndGlobalSection
	GlobalSection(ExtensibilityGlobals) = postSolution
		SolutionGuid = {A67662CC-4462-4D0F-A879-223DF3F8F337}
	EndGlobalSection
EndGlobal
